
Microsoft Visual Studio Solution File, Format Version 12.00
# Visual Studio Version 17
VisualStudioVersion = 17.5.002.0
MinimumVisualStudioVersion = 10.0.40219.1
Project("{2150E333-8FDC-42A3-9474-1A3956D46DE8}") = "csharp-prep", "csharp-prep", "{5C984F64-EC70-41F9-B61D-4AC970DD4FCA}"
EndProject
Project("{9A19103F-16F7-4668-BE54-9A1E7A4F7556}") = "Prep1", "csharp-prep\Prep1\Prep1.csproj", "{DF22C324-890A-4B3E-8B80-ACE19E50B54C}"
EndProject
Project("{9A19103F-16F7-4668-BE54-9A1E7A4F7556}") = "Prep2", "csharp-prep\Prep2\Prep2.csproj", "{A9EF0CA4-178D-4D5B-BB98-E28B6290DB70}"
EndProject
Project("{9A19103F-16F7-4668-BE54-9A1E7A4F7556}") = "Prep3", "csharp-prep\Prep3\Prep3.csproj", "{0D116896-048A-4209-8AE2-EBCFFCAAD382}"
EndProject
Project("{9A19103F-16F7-4668-BE54-9A1E7A4F7556}") = "Prep4", "csharp-prep\Prep4\Prep4.csproj", "{2A82A962-6A3F-4EFA-A886-24F221F069EC}"
EndProject
Project("{9A19103F-16F7-4668-BE54-9A1E7A4F7556}") = "Prep5", "csharp-prep\Prep5\Prep5.csproj", "{8FDFB654-D1E3-4FF5-AEE4-3269E7C275F1}"
EndProject
Project("{2150E333-8FDC-42A3-9474-1A3956D46DE8}") = "final", "final", "{27F53DBD-036F-4BE2-A461-475B94DC2173}"
EndProject
Project("{9A19103F-16F7-4668-BE54-9A1E7A4F7556}") = "FinalProject", "final\FinalProject\FinalProject.csproj", "{C3B600E1-D337-430D-AC36-F1E78DF69E16}"
EndProject
Project("{9A19103F-16F7-4668-BE54-9A1E7A4F7556}") = "Foundation1", "final\Foundation1\Foundation1.csproj", "{611A13BE-EEA4-4D43-A07E-3C7D82CE98CF}"
EndProject
Project("{9A19103F-16F7-4668-BE54-9A1E7A4F7556}") = "Foundation2", "final\Foundation2\Foundation2.csproj", "{09DADBC6-4DC9-4343-9AA5-4E23A835EA8B}"
EndProject
Project("{9A19103F-16F7-4668-BE54-9A1E7A4F7556}") = "Foundation3", "final\Foundation3\Foundation3.csproj", "{9CAFDA25-5619-4D3B-A097-6EDAE0689689}"
EndProject
Project("{9A19103F-16F7-4668-BE54-9A1E7A4F7556}") = "Foundation4", "final\Foundation4\Foundation4.csproj", "{4819C1CF-F462-47F7-ACC9-750A6706D190}"
EndProject
Project("{2150E333-8FDC-42A3-9474-1A3956D46DE8}") = "prepare", "prepare", "{384FE726-BEC3-4428-88DB-DA03683D7122}"
EndProject
Project("{9A19103F-16F7-4668-BE54-9A1E7A4F7556}") = "Learning02", "prepare\Learning02\Learning02.csproj", "{D4DBAFD7-0E4A-4AA7-91CE-46A41BBFE5F6}"
EndProject
Project("{9A19103F-16F7-4668-BE54-9A1E7A4F7556}") = "Learning03", "prepare\Learning03\Learning03.csproj", "{B96DE9E6-FF16-4BEB-BE00-1F29F36065FE}"
EndProject
Project("{9A19103F-16F7-4668-BE54-9A1E7A4F7556}") = "Learning04", "prepare\Learning04\Learning04.csproj", "{1F1C233F-6524-456C-98EE-2CCBB56B879F}"
EndProject
Project("{9A19103F-16F7-4668-BE54-9A1E7A4F7556}") = "Learning05", "prepare\Learning05\Learning05.csproj", "{E64079E9-8EA1-4E22-9506-40225437A322}"
EndProject
Project("{2150E333-8FDC-42A3-9474-1A3956D46DE8}") = "prove", "prove", "{A9128C15-68F7-483B-A1E5-36B36BD2489B}"
EndProject
Project("{9A19103F-16F7-4668-BE54-9A1E7A4F7556}") = "Develop02", "prove\Develop02\Develop02.csproj", "{07CE88DC-032D-4E64-ADE1-F5E9BF0E6173}"
EndProject
Project("{9A19103F-16F7-4668-BE54-9A1E7A4F7556}") = "Develop03", "prove\Develop03\Develop03.csproj", "{FF78A4C0-7FFB-4EF0-9DD7-E4A2314EA675}"
EndProject
Project("{9A19103F-16F7-4668-BE54-9A1E7A4F7556}") = "Develop04", "prove\Develop04\Develop04.csproj", "{59F332B0-47B0-4BA1-992C-9C126B0D938C}"
EndProject
Project("{9A19103F-16F7-4668-BE54-9A1E7A4F7556}") = "Develop05", "prove\Develop05\Develop05.csproj", "{900584A1-A9EA-4AE8-A0A0-05FCDFDB0834}"
EndProject
Project("{2150E333-8FDC-42A3-9474-1A3956D46DE8}") = "sandbox", "sandbox", "{0536B28E-2C8C-4864-ACD3-57C8D5B364C2}"
EndProject
Project("{9A19103F-16F7-4668-BE54-9A1E7A4F7556}") = "Sandbox", "sandbox\Sandbox\Sandbox.csproj", "{D32F4A95-BF85-43CE-B6F3-EED25895331C}"
EndProject
Global
	GlobalSection(SolutionConfigurationPlatforms) = preSolution
		Debug|Any CPU = Debug|Any CPU
		Release|Any CPU = Release|Any CPU
	EndGlobalSection
	GlobalSection(ProjectConfigurationPlatforms) = postSolution
		{DF22C324-890A-4B3E-8B80-ACE19E50B54C}.Debug|Any CPU.ActiveCfg = Debug|Any CPU
		{DF22C324-890A-4B3E-8B80-ACE19E50B54C}.Debug|Any CPU.Build.0 = Debug|Any CPU
		{DF22C324-890A-4B3E-8B80-ACE19E50B54C}.Release|Any CPU.ActiveCfg = Release|Any CPU
		{DF22C324-890A-4B3E-8B80-ACE19E50B54C}.Release|Any CPU.Build.0 = Release|Any CPU
		{A9EF0CA4-178D-4D5B-BB98-E28B6290DB70}.Debug|Any CPU.ActiveCfg = Debug|Any CPU
		{A9EF0CA4-178D-4D5B-BB98-E28B6290DB70}.Debug|Any CPU.Build.0 = Debug|Any CPU
		{A9EF0CA4-178D-4D5B-BB98-E28B6290DB70}.Release|Any CPU.ActiveCfg = Release|Any CPU
		{A9EF0CA4-178D-4D5B-BB98-E28B6290DB70}.Release|Any CPU.Build.0 = Release|Any CPU
		{0D116896-048A-4209-8AE2-EBCFFCAAD382}.Debug|Any CPU.ActiveCfg = Debug|Any CPU
		{0D116896-048A-4209-8AE2-EBCFFCAAD382}.Debug|Any CPU.Build.0 = Debug|Any CPU
		{0D116896-048A-4209-8AE2-EBCFFCAAD382}.Release|Any CPU.ActiveCfg = Release|Any CPU
		{0D116896-048A-4209-8AE2-EBCFFCAAD382}.Release|Any CPU.Build.0 = Release|Any CPU
		{2A82A962-6A3F-4EFA-A886-24F221F069EC}.Debug|Any CPU.ActiveCfg = Debug|Any CPU
		{2A82A962-6A3F-4EFA-A886-24F221F069EC}.Debug|Any CPU.Build.0 = Debug|Any CPU
		{2A82A962-6A3F-4EFA-A886-24F221F069EC}.Release|Any CPU.ActiveCfg = Release|Any CPU
		{2A82A962-6A3F-4EFA-A886-24F221F069EC}.Release|Any CPU.Build.0 = Release|Any CPU
		{8FDFB654-D1E3-4FF5-AEE4-3269E7C275F1}.Debug|Any CPU.ActiveCfg = Debug|Any CPU
		{8FDFB654-D1E3-4FF5-AEE4-3269E7C275F1}.Debug|Any CPU.Build.0 = Debug|Any CPU
		{8FDFB654-D1E3-4FF5-AEE4-3269E7C275F1}.Release|Any CPU.ActiveCfg = Release|Any CPU
		{8FDFB654-D1E3-4FF5-AEE4-3269E7C275F1}.Release|Any CPU.Build.0 = Release|Any CPU
		{C3B600E1-D337-430D-AC36-F1E78DF69E16}.Debug|Any CPU.ActiveCfg = Debug|Any CPU
		{C3B600E1-D337-430D-AC36-F1E78DF69E16}.Debug|Any CPU.Build.0 = Debug|Any CPU
		{C3B600E1-D337-430D-AC36-F1E78DF69E16}.Release|Any CPU.ActiveCfg = Release|Any CPU
		{C3B600E1-D337-430D-AC36-F1E78DF69E16}.Release|Any CPU.Build.0 = Release|Any CPU
		{611A13BE-EEA4-4D43-A07E-3C7D82CE98CF}.Debug|Any CPU.ActiveCfg = Debug|Any CPU
		{611A13BE-EEA4-4D43-A07E-3C7D82CE98CF}.Debug|Any CPU.Build.0 = Debug|Any CPU
		{611A13BE-EEA4-4D43-A07E-3C7D82CE98CF}.Release|Any CPU.ActiveCfg = Release|Any CPU
		{611A13BE-EEA4-4D43-A07E-3C7D82CE98CF}.Release|Any CPU.Build.0 = Release|Any CPU
		{09DADBC6-4DC9-4343-9AA5-4E23A835EA8B}.Debug|Any CPU.ActiveCfg = Debug|Any CPU
		{09DADBC6-4DC9-4343-9AA5-4E23A835EA8B}.Debug|Any CPU.Build.0 = Debug|Any CPU
		{09DADBC6-4DC9-4343-9AA5-4E23A835EA8B}.Release|Any CPU.ActiveCfg = Release|Any CPU
		{09DADBC6-4DC9-4343-9AA5-4E23A835EA8B}.Release|Any CPU.Build.0 = Release|Any CPU
		{9CAFDA25-5619-4D3B-A097-6EDAE0689689}.Debug|Any CPU.ActiveCfg = Debug|Any CPU
		{9CAFDA25-5619-4D3B-A097-6EDAE0689689}.Debug|Any CPU.Build.0 = Debug|Any CPU
		{9CAFDA25-5619-4D3B-A097-6EDAE0689689}.Release|Any CPU.ActiveCfg = Release|Any CPU
		{9CAFDA25-5619-4D3B-A097-6EDAE0689689}.Release|Any CPU.Build.0 = Release|Any CPU
		{4819C1CF-F462-47F7-ACC9-750A6706D190}.Debug|Any CPU.ActiveCfg = Debug|Any CPU
		{4819C1CF-F462-47F7-ACC9-750A6706D190}.Debug|Any CPU.Build.0 = Debug|Any CPU
		{4819C1CF-F462-47F7-ACC9-750A6706D190}.Release|Any CPU.ActiveCfg = Release|Any CPU
		{4819C1CF-F462-47F7-ACC9-750A6706D190}.Release|Any CPU.Build.0 = Release|Any CPU
		{D4DBAFD7-0E4A-4AA7-91CE-46A41BBFE5F6}.Debug|Any CPU.ActiveCfg = Debug|Any CPU
		{D4DBAFD7-0E4A-4AA7-91CE-46A41BBFE5F6}.Debug|Any CPU.Build.0 = Debug|Any CPU
		{D4DBAFD7-0E4A-4AA7-91CE-46A41BBFE5F6}.Release|Any CPU.ActiveCfg = Release|Any CPU
		{D4DBAFD7-0E4A-4AA7-91CE-46A41BBFE5F6}.Release|Any CPU.Build.0 = Release|Any CPU
		{B96DE9E6-FF16-4BEB-BE00-1F29F36065FE}.Debug|Any CPU.ActiveCfg = Debug|Any CPU
		{B96DE9E6-FF16-4BEB-BE00-1F29F36065FE}.Debug|Any CPU.Build.0 = Debug|Any CPU
		{B96DE9E6-FF16-4BEB-BE00-1F29F36065FE}.Release|Any CPU.ActiveCfg = Release|Any CPU
		{B96DE9E6-FF16-4BEB-BE00-1F29F36065FE}.Release|Any CPU.Build.0 = Release|Any CPU
		{1F1C233F-6524-456C-98EE-2CCBB56B879F}.Debug|Any CPU.ActiveCfg = Debug|Any CPU
		{1F1C233F-6524-456C-98EE-2CCBB56B879F}.Debug|Any CPU.Build.0 = Debug|Any CPU
		{1F1C233F-6524-456C-98EE-2CCBB56B879F}.Release|Any CPU.ActiveCfg = Release|Any CPU
		{1F1C233F-6524-456C-98EE-2CCBB56B879F}.Release|Any CPU.Build.0 = Release|Any CPU
		{E64079E9-8EA1-4E22-9506-40225437A322}.Debug|Any CPU.ActiveCfg = Debug|Any CPU
		{E64079E9-8EA1-4E22-9506-40225437A322}.Debug|Any CPU.Build.0 = Debug|Any CPU
		{E64079E9-8EA1-4E22-9506-40225437A322}.Release|Any CPU.ActiveCfg = Release|Any CPU
		{E64079E9-8EA1-4E22-9506-40225437A322}.Release|Any CPU.Build.0 = Release|Any CPU
		{07CE88DC-032D-4E64-ADE1-F5E9BF0E6173}.Debug|Any CPU.ActiveCfg = Debug|Any CPU
		{07CE88DC-032D-4E64-ADE1-F5E9BF0E6173}.Debug|Any CPU.Build.0 = Debug|Any CPU
		{07CE88DC-032D-4E64-ADE1-F5E9BF0E6173}.Release|Any CPU.ActiveCfg = Release|Any CPU
		{07CE88DC-032D-4E64-ADE1-F5E9BF0E6173}.Release|Any CPU.Build.0 = Release|Any CPU
		{FF78A4C0-7FFB-4EF0-9DD7-E4A2314EA675}.Debug|Any CPU.ActiveCfg = Debug|Any CPU
		{FF78A4C0-7FFB-4EF0-9DD7-E4A2314EA675}.Debug|Any CPU.Build.0 = Debug|Any CPU
		{FF78A4C0-7FFB-4EF0-9DD7-E4A2314EA675}.Release|Any CPU.ActiveCfg = Release|Any CPU
		{FF78A4C0-7FFB-4EF0-9DD7-E4A2314EA675}.Release|Any CPU.Build.0 = Release|Any CPU
		{59F332B0-47B0-4BA1-992C-9C126B0D938C}.Debug|Any CPU.ActiveCfg = Debug|Any CPU
		{59F332B0-47B0-4BA1-992C-9C126B0D938C}.Debug|Any CPU.Build.0 = Debug|Any CPU
		{59F332B0-47B0-4BA1-992C-9C126B0D938C}.Release|Any CPU.ActiveCfg = Release|Any CPU
		{59F332B0-47B0-4BA1-992C-9C126B0D938C}.Release|Any CPU.Build.0 = Release|Any CPU
		{900584A1-A9EA-4AE8-A0A0-05FCDFDB0834}.Debug|Any CPU.ActiveCfg = Debug|Any CPU
		{900584A1-A9EA-4AE8-A0A0-05FCDFDB0834}.Debug|Any CPU.Build.0 = Debug|Any CPU
		{900584A1-A9EA-4AE8-A0A0-05FCDFDB0834}.Release|Any CPU.ActiveCfg = Release|Any CPU
		{900584A1-A9EA-4AE8-A0A0-05FCDFDB0834}.Release|Any CPU.Build.0 = Release|Any CPU
		{D32F4A95-BF85-43CE-B6F3-EED25895331C}.Debug|Any CPU.ActiveCfg = Debug|Any CPU
		{D32F4A95-BF85-43CE-B6F3-EED25895331C}.Debug|Any CPU.Build.0 = Debug|Any CPU
		{D32F4A95-BF85-43CE-B6F3-EED25895331C}.Release|Any CPU.ActiveCfg = Release|Any CPU
		{D32F4A95-BF85-43CE-B6F3-EED25895331C}.Release|Any CPU.Build.0 = Release|Any CPU
	EndGlobalSection
	GlobalSection(SolutionProperties) = preSolution
		HideSolutionNode = FALSE
	EndGlobalSection
	GlobalSection(NestedProjects) = preSolution
		{DF22C324-890A-4B3E-8B80-ACE19E50B54C} = {5C984F64-EC70-41F9-B61D-4AC970DD4FCA}
		{A9EF0CA4-178D-4D5B-BB98-E28B6290DB70} = {5C984F64-EC70-41F9-B61D-4AC970DD4FCA}
		{0D116896-048A-4209-8AE2-EBCFFCAAD382} = {5C984F64-EC70-41F9-B61D-4AC970DD4FCA}
		{2A82A962-6A3F-4EFA-A886-24F221F069EC} = {5C984F64-EC70-41F9-B61D-4AC970DD4FCA}
		{8FDFB654-D1E3-4FF5-AEE4-3269E7C275F1} = {5C984F64-EC70-41F9-B61D-4AC970DD4FCA}
		{C3B600E1-D337-430D-AC36-F1E78DF69E16} = {27F53DBD-036F-4BE2-A461-475B94DC2173}
		{611A13BE-EEA4-4D43-A07E-3C7D82CE98CF} = {27F53DBD-036F-4BE2-A461-475B94DC2173}
		{09DADBC6-4DC9-4343-9AA5-4E23A835EA8B} = {27F53DBD-036F-4BE2-A461-475B94DC2173}
		{9CAFDA25-5619-4D3B-A097-6EDAE0689689} = {27F53DBD-036F-4BE2-A461-475B94DC2173}
		{4819C1CF-F462-47F7-ACC9-750A6706D190} = {27F53DBD-036F-4BE2-A461-475B94DC2173}
		{D4DBAFD7-0E4A-4AA7-91CE-46A41BBFE5F6} = {384FE726-BEC3-4428-88DB-DA03683D7122}
		{B96DE9E6-FF16-4BEB-BE00-1F29F36065FE} = {384FE726-BEC3-4428-88DB-DA03683D7122}
		{1F1C233F-6524-456C-98EE-2CCBB56B879F} = {384FE726-BEC3-4428-88DB-DA03683D7122}
		{E64079E9-8EA1-4E22-9506-40225437A322} = {384FE726-BEC3-4428-88DB-DA03683D7122}
		{07CE88DC-032D-4E64-ADE1-F5E9BF0E6173} = {A9128C15-68F7-483B-A1E5-36B36BD2489B}
		{FF78A4C0-7FFB-4EF0-9DD7-E4A2314EA675} = {A9128C15-68F7-483B-A1E5-36B36BD2489B}
		{59F332B0-47B0-4BA1-992C-9C126B0D938C} = {A9128C15-68F7-483B-A1E5-36B36BD2489B}
		{900584A1-A9EA-4AE8-A0A0-05FCDFDB0834} = {A9128C15-68F7-483B-A1E5-36B36BD2489B}
		{D32F4A95-BF85-43CE-B6F3-EED25895331C} = {0536B28E-2C8C-4864-ACD3-57C8D5B364C2}
	EndGlobalSection
	GlobalSection(ExtensibilityGlobals) = postSolution
		SolutionGuid = {E2C8ADFD-376D-47A8-AAA7-7A421BC46C98}
	EndGlobalSection
EndGlobal
